// !$*UTF8*$!
{
	archiveVersion = 1;
	classes = {
	};
	objectVersion = 77;
	objects = {

/* Begin PBXContainerItemProxy section */
		03246D8D2DBFFA8A008C6F11 /* PBXContainerItemProxy */ = {
			isa = PBXContainerItemProxy;
			containerPortal = 03246D752DBFFA89008C6F11 /* Project object */;
			proxyType = 1;
			remoteGlobalIDString = 03246D7C2DBFFA89008C6F11;
			remoteInfo = "Remember Me";
		};
		03246D972DBFFA8A008C6F11 /* PBXContainerItemProxy */ = {
			isa = PBXContainerItemProxy;
			containerPortal = 03246D752DBFFA89008C6F11 /* Project object */;
			proxyType = 1;
			remoteGlobalIDString = 03246D7C2DBFFA89008C6F11;
			remoteInfo = "Remember Me";
		};
/* End PBXContainerItemProxy section */

/* Begin PBXFileReference section */
		03246D7D2DBFFA89008C6F11 /* Remember Me.app */ = {isa = PBXFileReference; explicitFileType = wrapper.application; includeInIndex = 0; path = "Remember Me.app"; sourceTree = BUILT_PRODUCTS_DIR; };
		03246D8C2DBFFA8A008C6F11 /* Remember MeTests.xctest */ = {isa = PBXFileReference; explicitFileType = wrapper.cfbundle; includeInIndex = 0; path = "Remember MeTests.xctest"; sourceTree = BUILT_PRODUCTS_DIR; };
		03246D962DBFFA8A008C6F11 /* Remember MeUITests.xctest */ = {isa = PBXFileReference; explicitFileType = wrapper.cfbundle; includeInIndex = 0; path = "Remember MeUITests.xctest"; sourceTree = BUILT_PRODUCTS_DIR; };
/* End PBXFileReference section */

/* Begin PBXFileSystemSynchronizedRootGroup section */
		03246D7F2DBFFA89008C6F11 /* Remember Me */ = {
			isa = PBXFileSystemSynchronizedRootGroup;
			path = "Remember Me";
			sourceTree = "<group>";
		};
		03246D8F2DBFFA8A008C6F11 /* Remember MeTests */ = {
			isa = PBXFileSystemSynchronizedRootGroup;
			path = "Remember MeTests";
			sourceTree = "<group>";
		};
		03246D992DBFFA8A008C6F11 /* Remember MeUITests */ = {
			isa = PBXFileSystemSynchronizedRootGroup;
			path = "Remember MeUITests";
			sourceTree = "<group>";
		};
/* End PBXFileSystemSynchronizedRootGroup section */

/* Begin PBXFrameworksBuildPhase section */
		03246D7A2DBFFA89008C6F11 /* Frameworks */ = {
			isa = PBXFrameworksBuildPhase;
			buildActionMask = 2147483647;
			files = (
			);
			runOnlyForDeploymentPostprocessing = 0;
		};
		03246D892DBFFA8A008C6F11 /* Frameworks */ = {
			isa = PBXFrameworksBuildPhase;
			buildActionMask = 2147483647;
			files = (
			);
			runOnlyForDeploymentPostprocessing = 0;
		};
		03246D932DBFFA8A008C6F11 /* Frameworks */ = {
			isa = PBXFrameworksBuildPhase;
			buildActionMask = 2147483647;
			files = (
			);
			runOnlyForDeploymentPostprocessing = 0;
		};
/* End PBXFrameworksBuildPhase section */

/* Begin PBXGroup section */
		03246D742DBFFA89008C6F11 = {
			isa = PBXGroup;
			children = (
				03246D7F2DBFFA89008C6F11 /* Remember Me */,
				03246D8F2DBFFA8A008C6F11 /* Remember MeTests */,
				03246D992DBFFA8A008C6F11 /* Remember MeUITests */,
				03246D7E2DBFFA89008C6F11 /* Products */,
			);
			sourceTree = "<group>";
		};
		03246D7E2DBFFA89008C6F11 /* Products */ = {
			isa = PBXGroup;
			children = (
				03246D7D2DBFFA89008C6F11 /* Remember Me.app */,
				03246D8C2DBFFA8A008C6F11 /* Remember MeTests.xctest */,
				03246D962DBFFA8A008C6F11 /* Remember MeUITests.xctest */,
			);
			name = Products;
			sourceTree = "<group>";
		};
/* End PBXGroup section */

/* Begin PBXNativeTarget section */
		03246D7C2DBFFA89008C6F11 /* Remember Me */ = {
			isa = PBXNativeTarget;
			buildConfigurationList = 03246DA02DBFFA8A008C6F11 /* Build configuration list for PBXNativeTarget "Remember Me" */;
			buildPhases = (
				03246D792DBFFA89008C6F11 /* Sources */,
				03246D7A2DBFFA89008C6F11 /* Frameworks */,
				03246D7B2DBFFA89008C6F11 /* Resources */,
			);
			buildRules = (
			);
			dependencies = (
			);
			fileSystemSynchronizedGroups = (
				03246D7F2DBFFA89008C6F11 /* Remember Me */,
			);
			name = "Remember Me";
			packageProductDependencies = (
			);
			productName = "Remember Me";
			productReference = 03246D7D2DBFFA89008C6F11 /* Remember Me.app */;
			productType = "com.apple.product-type.application";
		};
		03246D8B2DBFFA8A008C6F11 /* Remember MeTests */ = {
			isa = PBXNativeTarget;
			buildConfigurationList = 03246DA32DBFFA8A008C6F11 /* Build configuration list for PBXNativeTarget "Remember MeTests" */;
			buildPhases = (
				03246D882DBFFA8A008C6F11 /* Sources */,
				03246D892DBFFA8A008C6F11 /* Frameworks */,
				03246D8A2DBFFA8A008C6F11 /* Resources */,
			);
			buildRules = (
			);
			dependencies = (
				03246D8E2DBFFA8A008C6F11 /* PBXTargetDependency */,
			);
			fileSystemSynchronizedGroups = (
				03246D8F2DBFFA8A008C6F11 /* Remember MeTests */,
			);
			name = "Remember MeTests";
			packageProductDependencies = (
			);
			productName = "Remember MeTests";
			productReference = 03246D8C2DBFFA8A008C6F11 /* Remember MeTests.xctest */;
			productType = "com.apple.product-type.bundle.unit-test";
		};
		03246D952DBFFA8A008C6F11 /* Remember MeUITests */ = {
			isa = PBXNativeTarget;
			buildConfigurationList = 03246DA62DBFFA8A008C6F11 /* Build configuration list for PBXNativeTarget "Remember MeUITests" */;
			buildPhases = (
				03246D922DBFFA8A008C6F11 /* Sources */,
				03246D932DBFFA8A008C6F11 /* Frameworks */,
				03246D942DBFFA8A008C6F11 /* Resources */,
			);
			buildRules = (
			);
			dependencies = (
				03246D982DBFFA8A008C6F11 /* PBXTargetDependency */,
			);
			fileSystemSynchronizedGroups = (
				03246D992DBFFA8A008C6F11 /* Remember MeUITests */,
			);
			name = "Remember MeUITests";
			packageProductDependencies = (
			);
			productName = "Remember MeUITests";
			productReference = 03246D962DBFFA8A008C6F11 /* Remember MeUITests.xctest */;
			productType = "com.apple.product-type.bundle.ui-testing";
		};
/* End PBXNativeTarget section */

/* Begin PBXProject section */
		03246D752DBFFA89008C6F11 /* Project object */ = {
			isa = PBXProject;
			attributes = {
				BuildIndependentTargetsInParallel = 1;
				LastSwiftUpdateCheck = 1630;
				LastUpgradeCheck = 1630;
				TargetAttributes = {
					03246D7C2DBFFA89008C6F11 = {
						CreatedOnToolsVersion = 16.3;
					};
					03246D8B2DBFFA8A008C6F11 = {
						CreatedOnToolsVersion = 16.3;
						TestTargetID = 03246D7C2DBFFA89008C6F11;
					};
					03246D952DBFFA8A008C6F11 = {
						CreatedOnToolsVersion = 16.3;
						TestTargetID = 03246D7C2DBFFA89008C6F11;
					};
				};
			};
			buildConfigurationList = 03246D782DBFFA89008C6F11 /* Build configuration list for PBXProject "Remember Me" */;
			developmentRegion = en;
			hasScannedForEncodings = 0;
			knownRegions = (
				en,
				Base,
			);
			mainGroup = 03246D742DBFFA89008C6F11;
			minimizedProjectReferenceProxies = 1;
			preferredProjectObjectVersion = 77;
			productRefGroup = 03246D7E2DBFFA89008C6F11 /* Products */;
			projectDirPath = "";
			projectRoot = "";
			targets = (
				03246D7C2DBFFA89008C6F11 /* Remember Me */,
				03246D8B2DBFFA8A008C6F11 /* Remember MeTests */,
				03246D952DBFFA8A008C6F11 /* Remember MeUITests */,
			);
		};
/* End PBXProject section */

/* Begin PBXResourcesBuildPhase section */
		03246D7B2DBFFA89008C6F11 /* Resources */ = {
			isa = PBXResourcesBuildPhase;
			buildActionMask = 2147483647;
			files = (
			);
			runOnlyForDeploymentPostprocessing = 0;
		};
		03246D8A2DBFFA8A008C6F11 /* Resources */ = {
			isa = PBXResourcesBuildPhase;
			buildActionMask = 2147483647;
			files = (
			);
			runOnlyForDeploymentPostprocessing = 0;
		};
		03246D942DBFFA8A008C6F11 /* Resources */ = {
			isa = PBXResourcesBuildPhase;
			buildActionMask = 2147483647;
			files = (
			);
			runOnlyForDeploymentPostprocessing = 0;
		};
/* End PBXResourcesBuildPhase section */

/* Begin PBXSourcesBuildPhase section */
		03246D792DBFFA89008C6F11 /* Sources */ = {
			isa = PBXSourcesBuildPhase;
			buildActionMask = 2147483647;
			files = (
			);
			runOnlyForDeploymentPostprocessing = 0;
		};
		03246D882DBFFA8A008C6F11 /* Sources */ = {
			isa = PBXSourcesBuildPhase;
			buildActionMask = 2147483647;
			files = (
			);
			runOnlyForDeploymentPostprocessing = 0;
		};
		03246D922DBFFA8A008C6F11 /* Sources */ = {
			isa = PBXSourcesBuildPhase;
			buildActionMask = 2147483647;
			files = (
			);
			runOnlyForDeploymentPostprocessing = 0;
		};
/* End PBXSourcesBuildPhase section */

/* Begin PBXTargetDependency section */
		03246D8E2DBFFA8A008C6F11 /* PBXTargetDependency */ = {
			isa = PBXTargetDependency;
			target = 03246D7C2DBFFA89008C6F11 /* Remember Me */;
			targetProxy = 03246D8D2DBFFA8A008C6F11 /* PBXContainerItemProxy */;
		};
		03246D982DBFFA8A008C6F11 /* PBXTargetDependency */ = {
			isa = PBXTargetDependency;
			target = 03246D7C2DBFFA89008C6F11 /* Remember Me */;
			targetProxy = 03246D972DBFFA8A008C6F11 /* PBXContainerItemProxy */;
		};
/* End PBXTargetDependency section */

/* Begin XCBuildConfiguration section */
		03246D9E2DBFFA8A008C6F11 /* Debug */ = {
			isa = XCBuildConfiguration;
			buildSettings = {
				ALWAYS_SEARCH_USER_PATHS = NO;
				ASSETCATALOG_COMPILER_GENERATE_SWIFT_ASSET_SYMBOL_EXTENSIONS = YES;
				CLANG_ANALYZER_NONNULL = YES;
				CLANG_ANALYZER_NUMBER_OBJECT_CONVERSION = YES_AGGRESSIVE;
				CLANG_CXX_LANGUAGE_STANDARD = "gnu++20";
				CLANG_ENABLE_MODULES = YES;
				CLANG_ENABLE_OBJC_ARC = YES;
				CLANG_ENABLE_OBJC_WEAK = YES;
				CLANG_WARN_BLOCK_CAPTURE_AUTORELEASING = YES;
				CLANG_WARN_BOOL_CONVERSION = YES;
				CLANG_WARN_COMMA = YES;
				CLANG_WARN_CONSTANT_CONVERSION = YES;
				CLANG_WARN_DEPRECATED_OBJC_IMPLEMENTATIONS = YES;
				CLANG_WARN_DIRECT_OBJC_ISA_USAGE = YES_ERROR;
				CLANG_WARN_DOCUMENTATION_COMMENTS = YES;
				CLANG_WARN_EMPTY_BODY = YES;
				CLANG_WARN_ENUM_CONVERSION = YES;
				CLANG_WARN_INFINITE_RECURSION = YES;
				CLANG_WARN_INT_CONVERSION = YES;
				CLANG_WARN_NON_LITERAL_NULL_CONVERSION = YES;
				CLANG_WARN_OBJC_IMPLICIT_RETAIN_SELF = YES;
				CLANG_WARN_OBJC_LITERAL_CONVERSION = YES;
				CLANG_WARN_OBJC_ROOT_CLASS = YES_ERROR;
				CLANG_WARN_QUOTED_INCLUDE_IN_FRAMEWORK_HEADER = YES;
				CLANG_WARN_RANGE_LOOP_ANALYSIS = YES;
				CLANG_WARN_STRICT_PROTOTYPES = YES;
				CLANG_WARN_SUSPICIOUS_MOVE = YES;
				CLANG_WARN_UNGUARDED_AVAILABILITY = YES_AGGRESSIVE;
				CLANG_WARN_UNREACHABLE_CODE = YES;
				CLANG_WARN__DUPLICATE_METHOD_MATCH = YES;
				COPY_PHASE_STRIP = NO;
				DEBUG_INFORMATION_FORMAT = dwarf;
				DEVELOPMENT_TEAM = JCU86JR832;
				ENABLE_STRICT_OBJC_MSGSEND = YES;
				ENABLE_TESTABILITY = YES;
				ENABLE_USER_SCRIPT_SANDBOXING = YES;
				GCC_C_LANGUAGE_STANDARD = gnu17;
				GCC_DYNAMIC_NO_PIC = NO;
				GCC_NO_COMMON_BLOCKS = YES;
				GCC_OPTIMIZATION_LEVEL = 0;
				GCC_PREPROCESSOR_DEFINITIONS = (
					"DEBUG=1",
					"$(inherited)",
				);
				GCC_WARN_64_TO_32_BIT_CONVERSION = YES;
				GCC_WARN_ABOUT_RETURN_TYPE = YES_ERROR;
				GCC_WARN_UNDECLARED_SELECTOR = YES;
				GCC_WARN_UNINITIALIZED_AUTOS = YES_AGGRESSIVE;
				GCC_WARN_UNUSED_FUNCTION = YES;
				GCC_WARN_UNUSED_VARIABLE = YES;
				IPHONEOS_DEPLOYMENT_TARGET = 18.4;
				LOCALIZATION_PREFERS_STRING_CATALOGS = YES;
				MTL_ENABLE_DEBUG_INFO = INCLUDE_SOURCE;
				MTL_FAST_MATH = YES;
				ONLY_ACTIVE_ARCH = YES;
				SDKROOT = iphoneos;
				SWIFT_ACTIVE_COMPILATION_CONDITIONS = "DEBUG $(inherited)";
				SWIFT_OPTIMIZATION_LEVEL = "-Onone";
			};
			name = Debug;
		};
		03246D9F2DBFFA8A008C6F11 /* Release */ = {
			isa = XCBuildConfiguration;
			buildSettings = {
				ALWAYS_SEARCH_USER_PATHS = NO;
				ASSETCATALOG_COMPILER_GENERATE_SWIFT_ASSET_SYMBOL_EXTENSIONS = YES;
				CLANG_ANALYZER_NONNULL = YES;
				CLANG_ANALYZER_NUMBER_OBJECT_CONVERSION = YES_AGGRESSIVE;
				CLANG_CXX_LANGUAGE_STANDARD = "gnu++20";
				CLANG_ENABLE_MODULES = YES;
				CLANG_ENABLE_OBJC_ARC = YES;
				CLANG_ENABLE_OBJC_WEAK = YES;
				CLANG_WARN_BLOCK_CAPTURE_AUTORELEASING = YES;
				CLANG_WARN_BOOL_CONVERSION = YES;
				CLANG_WARN_COMMA = YES;
				CLANG_WARN_CONSTANT_CONVERSION = YES;
				CLANG_WARN_DEPRECATED_OBJC_IMPLEMENTATIONS = YES;
				CLANG_WARN_DIRECT_OBJC_ISA_USAGE = YES_ERROR;
				CLANG_WARN_DOCUMENTATION_COMMENTS = YES;
				CLANG_WARN_EMPTY_BODY = YES;
				CLANG_WARN_ENUM_CONVERSION = YES;
				CLANG_WARN_INFINITE_RECURSION = YES;
				CLANG_WARN_INT_CONVERSION = YES;
				CLANG_WARN_NON_LITERAL_NULL_CONVERSION = YES;
				CLANG_WARN_OBJC_IMPLICIT_RETAIN_SELF = YES;
				CLANG_WARN_OBJC_LITERAL_CONVERSION = YES;
				CLANG_WARN_OBJC_ROOT_CLASS = YES_ERROR;
				CLANG_WARN_QUOTED_INCLUDE_IN_FRAMEWORK_HEADER = YES;
				CLANG_WARN_RANGE_LOOP_ANALYSIS = YES;
				CLANG_WARN_STRICT_PROTOTYPES = YES;
				CLANG_WARN_SUSPICIOUS_MOVE = YES;
				CLANG_WARN_UNGUARDED_AVAILABILITY = YES_AGGRESSIVE;
				CLANG_WARN_UNREACHABLE_CODE = YES;
				CLANG_WARN__DUPLICATE_METHOD_MATCH = YES;
				COPY_PHASE_STRIP = NO;
				DEBUG_INFORMATION_FORMAT = "dwarf-with-dsym";
				DEVELOPMENT_TEAM = JCU86JR832;
				ENABLE_NS_ASSERTIONS = NO;
				ENABLE_STRICT_OBJC_MSGSEND = YES;
				ENABLE_USER_SCRIPT_SANDBOXING = YES;
				GCC_C_LANGUAGE_STANDARD = gnu17;
				GCC_NO_COMMON_BLOCKS = YES;
				GCC_WARN_64_TO_32_BIT_CONVERSION = YES;
				GCC_WARN_ABOUT_RETURN_TYPE = YES_ERROR;
				GCC_WARN_UNDECLARED_SELECTOR = YES;
				GCC_WARN_UNINITIALIZED_AUTOS = YES_AGGRESSIVE;
				GCC_WARN_UNUSED_FUNCTION = YES;
				GCC_WARN_UNUSED_VARIABLE = YES;
				IPHONEOS_DEPLOYMENT_TARGET = 18.4;
				LOCALIZATION_PREFERS_STRING_CATALOGS = YES;
				MTL_ENABLE_DEBUG_INFO = NO;
				MTL_FAST_MATH = YES;
				SDKROOT = iphoneos;
				SWIFT_COMPILATION_MODE = wholemodule;
				VALIDATE_PRODUCT = YES;
			};
			name = Release;
		};
		03246DA12DBFFA8A008C6F11 /* Debug */ = {
			isa = XCBuildConfiguration;
			buildSettings = {
				ASSETCATALOG_COMPILER_APPICON_NAME = AppIcon;
				ASSETCATALOG_COMPILER_GLOBAL_ACCENT_COLOR_NAME = AccentColor;
				CODE_SIGN_STYLE = Automatic;
				CURRENT_PROJECT_VERSION = 1;
				DEVELOPMENT_TEAM = JCU86JR832;
				ENABLE_PREVIEWS = YES;
				GENERATE_INFOPLIST_FILE = YES;
				INFOPLIST_KEY_UIApplicationSceneManifest_Generation = YES;
				INFOPLIST_KEY_UIApplicationSupportsIndirectInputEvents = YES;
				INFOPLIST_KEY_UILaunchScreen_Generation = YES;
				INFOPLIST_KEY_UISupportedInterfaceOrientations_iPad = "UIInterfaceOrientationPortrait UIInterfaceOrientationPortraitUpsideDown UIInterfaceOrientationLandscapeLeft UIInterfaceOrientationLandscapeRight";
				INFOPLIST_KEY_UISupportedInterfaceOrientations_iPhone = "UIInterfaceOrientationPortrait UIInterfaceOrientationLandscapeLeft UIInterfaceOrientationLandscapeRight";
				LD_RUNPATH_SEARCH_PATHS = (
					"$(inherited)",
					"@executable_path/Frameworks",
				);
				MARKETING_VERSION = 1.0;
				PRODUCT_BUNDLE_IDENTIFIER = "mintara.Remember-Me";
				PRODUCT_NAME = "$(TARGET_NAME)";
				SWIFT_EMIT_LOC_STRINGS = YES;
				SWIFT_VERSION = 5.0;
				TARGETED_DEVICE_FAMILY = "1,2";
			};
			name = Debug;
		};
		03246DA22DBFFA8A008C6F11 /* Release */ = {
			isa = XCBuildConfiguration;
			buildSettings = {
				ASSETCATALOG_COMPILER_APPICON_NAME = AppIcon;
				ASSETCATALOG_COMPILER_GLOBAL_ACCENT_COLOR_NAME = AccentColor;
				CODE_SIGN_STYLE = Automatic;
				CURRENT_PROJECT_VERSION = 1;
				DEVELOPMENT_TEAM = JCU86JR832;
				ENABLE_PREVIEWS = YES;
				GENERATE_INFOPLIST_FILE = YES;
				INFOPLIST_KEY_UIApplicationSceneManifest_Generation = YES;
				INFOPLIST_KEY_UIApplicationSupportsIndirectInputEvents = YES;
				INFOPLIST_KEY_UILaunchScreen_Generation = YES;
				INFOPLIST_KEY_UISupportedInterfaceOrientations_iPad = "UIInterfaceOrientationPortrait UIInterfaceOrientationPortraitUpsideDown UIInterfaceOrientationLandscapeLeft UIInterfaceOrientationLandscapeRight";
				INFOPLIST_KEY_UISupportedInterfaceOrientations_iPhone = "UIInterfaceOrientationPortrait UIInterfaceOrientationLandscapeLeft UIInterfaceOrientationLandscapeRight";
				LD_RUNPATH_SEARCH_PATHS = (
					"$(inherited)",
					"@executable_path/Frameworks",
				);
				MARKETING_VERSION = 1.0;
				PRODUCT_BUNDLE_IDENTIFIER = "mintara.Remember-Me";
				PRODUCT_NAME = "$(TARGET_NAME)";
				SWIFT_EMIT_LOC_STRINGS = YES;
				SWIFT_VERSION = 5.0;
				TARGETED_DEVICE_FAMILY = "1,2";
			};
			name = Release;
		};
		03246DA42DBFFA8A008C6F11 /* Debug */ = {
			isa = XCBuildConfiguration;
			buildSettings = {
				BUNDLE_LOADER = "$(TEST_HOST)";
				CODE_SIGN_STYLE = Automatic;
				CURRENT_PROJECT_VERSION = 1;
				DEVELOPMENT_TEAM = JCU86JR832;
				GENERATE_INFOPLIST_FILE = YES;
				IPHONEOS_DEPLOYMENT_TARGET = 18.4;
				MARKETING_VERSION = 1.0;
				PRODUCT_BUNDLE_IDENTIFIER = "mintara.Remember-MeTests";
				PRODUCT_NAME = "$(TARGET_NAME)";
				SWIFT_EMIT_LOC_STRINGS = NO;
				SWIFT_VERSION = 5.0;
				TARGETED_DEVICE_FAMILY = "1,2";
				TEST_HOST = "$(BUILT_PRODUCTS_DIR)/Remember Me.app/$(BUNDLE_EXECUTABLE_FOLDER_PATH)/Remember Me";
			};
			name = Debug;
		};
		03246DA52DBFFA8A008C6F11 /* Release */ = {
			isa = XCBuildConfiguration;
			buildSettings = {
				BUNDLE_LOADER = "$(TEST_HOST)";
				CODE_SIGN_STYLE = Automatic;
				CURRENT_PROJECT_VERSION = 1;
				DEVELOPMENT_TEAM = JCU86JR832;
				GENERATE_INFOPLIST_FILE = YES;
				IPHONEOS_DEPLOYMENT_TARGET = 18.4;
				MARKETING_VERSION = 1.0;
				PRODUCT_BUNDLE_IDENTIFIER = "mintara.Remember-MeTests";
				PRODUCT_NAME = "$(TARGET_NAME)";
				SWIFT_EMIT_LOC_STRINGS = NO;
				SWIFT_VERSION = 5.0;
				TARGETED_DEVICE_FAMILY = "1,2";
				TEST_HOST = "$(BUILT_PRODUCTS_DIR)/Remember Me.app/$(BUNDLE_EXECUTABLE_FOLDER_PATH)/Remember Me";
			};
			name = Release;
		};
		03246DA72DBFFA8A008C6F11 /* Debug */ = {
			isa = XCBuildConfiguration;
			buildSettings = {
				CODE_SIGN_STYLE = Automatic;
				CURRENT_PROJECT_VERSION = 1;
				DEVELOPMENT_TEAM = JCU86JR832;
				GENERATE_INFOPLIST_FILE = YES;
				MARKETING_VERSION = 1.0;
				PRODUCT_BUNDLE_IDENTIFIER = "mintara.Remember-MeUITests";
				PRODUCT_NAME = "$(TARGET_NAME)";
				SWIFT_EMIT_LOC_STRINGS = NO;
				SWIFT_VERSION = 5.0;
				TARGETED_DEVICE_FAMILY = "1,2";
				TEST_TARGET_NAME = "Remember Me";
			};
			name = Debug;
		};
		03246DA82DBFFA8A008C6F11 /* Release */ = {
			isa = XCBuildConfiguration;
			buildSettings = {
				CODE_SIGN_STYLE = Automatic;
				CURRENT_PROJECT_VERSION = 1;
				DEVELOPMENT_TEAM = JCU86JR832;
				GENERATE_INFOPLIST_FILE = YES;
				MARKETING_VERSION = 1.0;
				PRODUCT_BUNDLE_IDENTIFIER = "mintara.Remember-MeUITests";
				PRODUCT_NAME = "$(TARGET_NAME)";
				SWIFT_EMIT_LOC_STRINGS = NO;
				SWIFT_VERSION = 5.0;
				TARGETED_DEVICE_FAMILY = "1,2";
				TEST_TARGET_NAME = "Remember Me";
			};
			name = Release;
		};
/* End XCBuildConfiguration section */

/* Begin XCConfigurationList section */
		03246D782DBFFA89008C6F11 /* Build configuration list for PBXProject "Remember Me" */ = {
			isa = XCConfigurationList;
			buildConfigurations = (
				03246D9E2DBFFA8A008C6F11 /* Debug */,
				03246D9F2DBFFA8A008C6F11 /* Release */,
			);
			defaultConfigurationIsVisible = 0;
			defaultConfigurationName = Release;
		};
		03246DA02DBFFA8A008C6F11 /* Build configuration list for PBXNativeTarget "Remember Me" */ = {
			isa = XCConfigurationList;
			buildConfigurations = (
				03246DA12DBFFA8A008C6F11 /* Debug */,
				03246DA22DBFFA8A008C6F11 /* Release */,
			);
			defaultConfigurationIsVisible = 0;
			defaultConfigurationName = Release;
		};
		03246DA32DBFFA8A008C6F11 /* Build configuration list for PBXNativeTarget "Remember MeTests" */ = {
			isa = XCConfigurationList;
			buildConfigurations = (
				03246DA42DBFFA8A008C6F11 /* Debug */,
				03246DA52DBFFA8A008C6F11 /* Release */,
			);
			defaultConfigurationIsVisible = 0;
			defaultConfigurationName = Release;
		};
		03246DA62DBFFA8A008C6F11 /* Build configuration list for PBXNativeTarget "Remember MeUITests" */ = {
			isa = XCConfigurationList;
			buildConfigurations = (
				03246DA72DBFFA8A008C6F11 /* Debug */,
				03246DA82DBFFA8A008C6F11 /* Release */,
			);
			defaultConfigurationIsVisible = 0;
			defaultConfigurationName = Release;
		};
/* End XCConfigurationList section */
	};
	rootObject = 03246D752DBFFA89008C6F11 /* Project object */;
}
